
Microsoft Visual Studio Solution File, Format Version 12.00
# Visual Studio Version 17
VisualStudioVersion = 17.13.35931.197 d17.13
MinimumVisualStudioVersion = 10.0.40219.1
Project("{FAE04EC0-301F-11D3-BF4B-00C04F79EFBC}") = "FizzBuzz", "FizzBuzz\FizzBuzz.csproj", "{C81A1599-B261-4451-A1A1-5A1CE4E75461}"
EndProject
Global
	GlobalSection(SolutionConfigurationPlatforms) = preSolution
		Debug|Any CPU = Debug|Any CPU
		Release|Any CPU = Release|Any CPU
	EndGlobalSection
	GlobalSection(ProjectConfigurationPlatforms) = postSolution
		{C81A1599-B261-4451-A1A1-5A1CE4E75461}.Debug|Any CPU.ActiveCfg = Debug|Any CPU
		{C81A1599-B261-4451-A1A1-5A1CE4E75461}.Debug|Any CPU.Build.0 = Debug|Any CPU
		{C81A1599-B261-4451-A1A1-5A1CE4E75461}.Release|Any CPU.ActiveCfg = Release|Any CPU
		{C81A1599-B261-4451-A1A1-5A1CE4E75461}.Release|Any CPU.Build.0 = Release|Any CPU
	EndGlobalSection
	GlobalSection(SolutionProperties) = preSolution
		HideSolutionNode = FALSE
	EndGlobalSection
	GlobalSection(ExtensibilityGlobals) = postSolution
		SolutionGuid = {5FE91584-8B71-4D2C-8A7A-0009615EF96D}
	EndGlobalSection
EndGlobal
